
Microsoft Visual Studio Solution File, Format Version 12.00
# Visual Studio Version 17
VisualStudioVersion = 17.6.33723.286
MinimumVisualStudioVersion = 10.0.40219.1
Project("{9A19103F-16F7-4668-BE54-9A1E7A4F7556}") = "SpecFlowCalculator", "SpecFlowCalculator\SpecFlowCalculator.csproj", "{8BBAAA6B-A3B8-49CF-B099-50FDF901510C}"
EndProject
Project("{9A19103F-16F7-4668-BE54-9A1E7A4F7556}") = "SpecFlowCalculator.Specs", "SpecFlowCalculator.Specs\SpecFlowCalculator.Specs.csproj", "{7E5FE97B-1369-4434-85A8-0BDD0F51BD48}"
EndProject
Project("{FAE04EC0-301F-11D3-BF4B-00C04F79EFBC}") = "VansahBinding", "..\VansahBinding\VansahBinding.csproj", "{657A1C06-5F1D-490D-9ACD-D7C13F7A70EB}"
EndProject
Global
	GlobalSection(SolutionConfigurationPlatforms) = preSolution
		Debug|Any CPU = Debug|Any CPU
		Release|Any CPU = Release|Any CPU
	EndGlobalSection
	GlobalSection(ProjectConfigurationPlatforms) = postSolution
		{8BBAAA6B-A3B8-49CF-B099-50FDF901510C}.Debug|Any CPU.ActiveCfg = Debug|Any CPU
		{8BBAAA6B-A3B8-49CF-B099-50FDF901510C}.Debug|Any CPU.Build.0 = Debug|Any CPU
		{8BBAAA6B-A3B8-49CF-B099-50FDF901510C}.Release|Any CPU.ActiveCfg = Release|Any CPU
		{8BBAAA6B-A3B8-49CF-B099-50FDF901510C}.Release|Any CPU.Build.0 = Release|Any CPU
		{7E5FE97B-1369-4434-85A8-0BDD0F51BD48}.Debug|Any CPU.ActiveCfg = Debug|Any CPU
		{7E5FE97B-1369-4434-85A8-0BDD0F51BD48}.Debug|Any CPU.Build.0 = Debug|Any CPU
		{7E5FE97B-1369-4434-85A8-0BDD0F51BD48}.Release|Any CPU.ActiveCfg = Release|Any CPU
		{7E5FE97B-1369-4434-85A8-0BDD0F51BD48}.Release|Any CPU.Build.0 = Release|Any CPU
		{657A1C06-5F1D-490D-9ACD-D7C13F7A70EB}.Debug|Any CPU.ActiveCfg = Debug|Any CPU
		{657A1C06-5F1D-490D-9ACD-D7C13F7A70EB}.Debug|Any CPU.Build.0 = Debug|Any CPU
		{657A1C06-5F1D-490D-9ACD-D7C13F7A70EB}.Release|Any CPU.ActiveCfg = Release|Any CPU
		{657A1C06-5F1D-490D-9ACD-D7C13F7A70EB}.Release|Any CPU.Build.0 = Release|Any CPU
	EndGlobalSection
	GlobalSection(SolutionProperties) = preSolution
		HideSolutionNode = FALSE
	EndGlobalSection
	GlobalSection(ExtensibilityGlobals) = postSolution
		SolutionGuid = {D94449E3-E7C2-4208-996A-5FA0D448483E}
	EndGlobalSection
EndGlobal
